
Microsoft Visual Studio Solution File, Format Version 12.00
# Visual Studio Version 17
VisualStudioVersion = 17.10.35122.118
MinimumVisualStudioVersion = 10.0.40219.1
Project("{2150E333-8FDC-42A3-9474-1A3956D46DE8}") = "src", "src", "{95C7D9DA-ACBD-4228-A3AC-2DE7D0BEBC3A}"
	ProjectSection(SolutionItems) = preProject
		docker-compose.yml = docker-compose.yml
	EndProjectSection
EndProject
Project("{2150E333-8FDC-42A3-9474-1A3956D46DE8}") = "Application", "Application", "{F49C86C7-0019-49D3-B126-A5B56300D3BB}"
EndProject
Project("{2150E333-8FDC-42A3-9474-1A3956D46DE8}") = "Infrastructure", "Infrastructure", "{DCA711AE-8FAE-4AA2-8FAA-6DEBAA53248F}"
EndProject
Project("{2150E333-8FDC-42A3-9474-1A3956D46DE8}") = "Services", "Services", "{099CE190-C25C-4092-A614-73B45C1A65EB}"
EndProject
Project("{2150E333-8FDC-42A3-9474-1A3956D46DE8}") = "Domain", "Domain", "{4552D045-F9A7-420F-B8D5-063FB0ADAFA0}"
EndProject
Project("{9A19103F-16F7-4668-BE54-9A1E7A4F7556}") = "Microservice.Domain", "src\Microservice.Domain\Microservice.Domain.csproj", "{364115E8-9389-4DFE-9F7F-1ABCF25F3006}"
EndProject
Project("{9A19103F-16F7-4668-BE54-9A1E7A4F7556}") = "Microservice.Infrastructure", "src\Microservice.Infrastructure\Microservice.Infrastructure.csproj", "{2BE0ED23-F601-46E3-9E55-2BBA4EBB119C}"
EndProject
Project("{2150E333-8FDC-42A3-9474-1A3956D46DE8}") = "Solution Items", "Solution Items", "{E3364DE5-2208-4D33-9269-4BE1F70BA51A}"
	ProjectSection(SolutionItems) = preProject
		README.md = README.md
	EndProjectSection
EndProject
Project("{9A19103F-16F7-4668-BE54-9A1E7A4F7556}") = "Microservice.Application", "src\Microservice.Application\Microservice.Application.csproj", "{B0428053-212D-4BB5-8FE5-7271109CB562}"
EndProject
Project("{9A19103F-16F7-4668-BE54-9A1E7A4F7556}") = "Microservice.AccountingService", "src\Microservice.AccountingService\Microservice.AccountingService.csproj", "{1D07D667-D1F0-4C09-8F4C-7CBF9D9237E3}"
EndProject
Project("{9A19103F-16F7-4668-BE54-9A1E7A4F7556}") = "Microservice.BlogService", "src\Microservice.BlogService\Microservice.BlogService.csproj", "{B506675E-E084-4BAF-866E-9F3335E5B4FE}"
EndProject
Project("{2150E333-8FDC-42A3-9474-1A3956D46DE8}") = "Tests", "Tests", "{AA9AE77B-A1B6-4881-A0B2-3A41CAFED027}"
EndProject
Project("{FAE04EC0-301F-11D3-BF4B-00C04F79EFBC}") = "Microservice.Test", "src\Microservice.Test\Microservice.Test.csproj", "{C06FA965-6AFF-473C-8DFB-A7E4DA1BB46B}"
EndProject
Global
	GlobalSection(SolutionConfigurationPlatforms) = preSolution
		Debug|Any CPU = Debug|Any CPU
		Release|Any CPU = Release|Any CPU
	EndGlobalSection
	GlobalSection(ProjectConfigurationPlatforms) = postSolution
		{364115E8-9389-4DFE-9F7F-1ABCF25F3006}.Debug|Any CPU.ActiveCfg = Debug|Any CPU
		{364115E8-9389-4DFE-9F7F-1ABCF25F3006}.Debug|Any CPU.Build.0 = Debug|Any CPU
		{364115E8-9389-4DFE-9F7F-1ABCF25F3006}.Release|Any CPU.ActiveCfg = Release|Any CPU
		{364115E8-9389-4DFE-9F7F-1ABCF25F3006}.Release|Any CPU.Build.0 = Release|Any CPU
		{2BE0ED23-F601-46E3-9E55-2BBA4EBB119C}.Debug|Any CPU.ActiveCfg = Debug|Any CPU
		{2BE0ED23-F601-46E3-9E55-2BBA4EBB119C}.Debug|Any CPU.Build.0 = Debug|Any CPU
		{2BE0ED23-F601-46E3-9E55-2BBA4EBB119C}.Release|Any CPU.ActiveCfg = Release|Any CPU
		{2BE0ED23-F601-46E3-9E55-2BBA4EBB119C}.Release|Any CPU.Build.0 = Release|Any CPU
		{B0428053-212D-4BB5-8FE5-7271109CB562}.Debug|Any CPU.ActiveCfg = Debug|Any CPU
		{B0428053-212D-4BB5-8FE5-7271109CB562}.Debug|Any CPU.Build.0 = Debug|Any CPU
		{B0428053-212D-4BB5-8FE5-7271109CB562}.Release|Any CPU.ActiveCfg = Release|Any CPU
		{B0428053-212D-4BB5-8FE5-7271109CB562}.Release|Any CPU.Build.0 = Release|Any CPU
		{1D07D667-D1F0-4C09-8F4C-7CBF9D9237E3}.Debug|Any CPU.ActiveCfg = Debug|Any CPU
		{1D07D667-D1F0-4C09-8F4C-7CBF9D9237E3}.Debug|Any CPU.Build.0 = Debug|Any CPU
		{1D07D667-D1F0-4C09-8F4C-7CBF9D9237E3}.Release|Any CPU.ActiveCfg = Release|Any CPU
		{1D07D667-D1F0-4C09-8F4C-7CBF9D9237E3}.Release|Any CPU.Build.0 = Release|Any CPU
		{B506675E-E084-4BAF-866E-9F3335E5B4FE}.Debug|Any CPU.ActiveCfg = Debug|Any CPU
		{B506675E-E084-4BAF-866E-9F3335E5B4FE}.Debug|Any CPU.Build.0 = Debug|Any CPU
		{B506675E-E084-4BAF-866E-9F3335E5B4FE}.Release|Any CPU.ActiveCfg = Release|Any CPU
		{B506675E-E084-4BAF-866E-9F3335E5B4FE}.Release|Any CPU.Build.0 = Release|Any CPU
		{C06FA965-6AFF-473C-8DFB-A7E4DA1BB46B}.Debug|Any CPU.ActiveCfg = Debug|Any CPU
		{C06FA965-6AFF-473C-8DFB-A7E4DA1BB46B}.Debug|Any CPU.Build.0 = Debug|Any CPU
		{C06FA965-6AFF-473C-8DFB-A7E4DA1BB46B}.Release|Any CPU.ActiveCfg = Release|Any CPU
		{C06FA965-6AFF-473C-8DFB-A7E4DA1BB46B}.Release|Any CPU.Build.0 = Release|Any CPU
	EndGlobalSection
	GlobalSection(SolutionProperties) = preSolution
		HideSolutionNode = FALSE
	EndGlobalSection
	GlobalSection(NestedProjects) = preSolution
		{F49C86C7-0019-49D3-B126-A5B56300D3BB} = {95C7D9DA-ACBD-4228-A3AC-2DE7D0BEBC3A}
		{DCA711AE-8FAE-4AA2-8FAA-6DEBAA53248F} = {95C7D9DA-ACBD-4228-A3AC-2DE7D0BEBC3A}
		{099CE190-C25C-4092-A614-73B45C1A65EB} = {95C7D9DA-ACBD-4228-A3AC-2DE7D0BEBC3A}
		{4552D045-F9A7-420F-B8D5-063FB0ADAFA0} = {95C7D9DA-ACBD-4228-A3AC-2DE7D0BEBC3A}
		{364115E8-9389-4DFE-9F7F-1ABCF25F3006} = {4552D045-F9A7-420F-B8D5-063FB0ADAFA0}
		{2BE0ED23-F601-46E3-9E55-2BBA4EBB119C} = {DCA711AE-8FAE-4AA2-8FAA-6DEBAA53248F}
		{B0428053-212D-4BB5-8FE5-7271109CB562} = {F49C86C7-0019-49D3-B126-A5B56300D3BB}
		{1D07D667-D1F0-4C09-8F4C-7CBF9D9237E3} = {099CE190-C25C-4092-A614-73B45C1A65EB}
		{B506675E-E084-4BAF-866E-9F3335E5B4FE} = {099CE190-C25C-4092-A614-73B45C1A65EB}
		{AA9AE77B-A1B6-4881-A0B2-3A41CAFED027} = {95C7D9DA-ACBD-4228-A3AC-2DE7D0BEBC3A}
		{C06FA965-6AFF-473C-8DFB-A7E4DA1BB46B} = {AA9AE77B-A1B6-4881-A0B2-3A41CAFED027}
	EndGlobalSection
	GlobalSection(ExtensibilityGlobals) = postSolution
		SolutionGuid = {C11ECFFC-6C25-4820-AEDB-CF81458DA8F8}
	EndGlobalSection
EndGlobal
